github.com/bradfitz/gomemcache v0.0.0-20260422231931-4d751bb6e37c h1:6Gpm9YYUEQx2T9zMsYolQhr6sjwwGtFitSA0pQsa7a8=
github.com/bradfitz/gomemcache v0.0.0-20260422231931-4d751bb6e37c/go.mod h1:r5xuitiExdLAJ09PR7vBVENGvp4ZuTBeWTGtxuX3K+c=
gopkg.in/check.v1 v0.0.0-20161208181325-20d25e280405/go.mod h1:Co6ibVJAznAaIkqp8huTwlJQCZ016jof/cbN4VW5Yz0=
gopkg.in/yaml.v3 v3.0.1 h1:fxVm/GzAzEWqLHuvctI91KS9hhNmmWOoWu0XTYJS7CA=
gopkg.in/yaml.v3 v3.0.1/go.mod h1:K4uyk7z7BCEPqu6E+C64Yfv1cQ7kz7rIZviUmN+EgEM=
